
Microsoft Visual Studio Solution File, Format Version 12.00
# Visual Studio Version 17
VisualStudioVersion = 17.0.31903.59
MinimumVisualStudioVersion = 10.0.40219.1
Project("{9A19103F-16F7-4668-BE54-9A1E7A4F7556}") = "movie_search_app_wpf", "movie-search-app-wpf\movie_search_app_wpf.csproj", "{81115786-06A4-4705-AAB3-A4E96CE74CC2}"
EndProject
Project("{9A19103F-16F7-4668-BE54-9A1E7A4F7556}") = "testApi", "testApi\testApi.csproj", "{9C87CBC8-7FA2-4621-AD92-7E730531D526}"
EndProject
Global
	GlobalSection(SolutionConfigurationPlatforms) = preSolution
		Debug|Any CPU = Debug|Any CPU
		Release|Any CPU = Release|Any CPU
	EndGlobalSection
	GlobalSection(ProjectConfigurationPlatforms) = postSolution
		{81115786-06A4-4705-AAB3-A4E96CE74CC2}.Debug|Any CPU.ActiveCfg = Debug|Any CPU
		{81115786-06A4-4705-AAB3-A4E96CE74CC2}.Debug|Any CPU.Build.0 = Debug|Any CPU
		{81115786-06A4-4705-AAB3-A4E96CE74CC2}.Release|Any CPU.ActiveCfg = Release|Any CPU
		{81115786-06A4-4705-AAB3-A4E96CE74CC2}.Release|Any CPU.Build.0 = Release|Any CPU
		{9C87CBC8-7FA2-4621-AD92-7E730531D526}.Debug|Any CPU.ActiveCfg = Debug|Any CPU
		{9C87CBC8-7FA2-4621-AD92-7E730531D526}.Debug|Any CPU.Build.0 = Debug|Any CPU
		{9C87CBC8-7FA2-4621-AD92-7E730531D526}.Release|Any CPU.ActiveCfg = Release|Any CPU
		{9C87CBC8-7FA2-4621-AD92-7E730531D526}.Release|Any CPU.Build.0 = Release|Any CPU
	EndGlobalSection
	GlobalSection(SolutionProperties) = preSolution
		HideSolutionNode = FALSE
	EndGlobalSection
	GlobalSection(ExtensibilityGlobals) = postSolution
		SolutionGuid = {880A4653-6933-4853-A3F0-3106C91C3D52}
	EndGlobalSection
EndGlobal
